{
    "_meta": {
        "hash": {
            "sha256": "36c2a4589659ca84a5e072a2f086291ac282d11bb79e48dec679ea211f07eaa9"
        },
        "pipfile-spec": 6,
        "requires": {
            "python_version": "3.11"
        },
        "sources": [
            {
                "name": "pypi",
                "url": "https://pypi.org/simple",
                "verify_ssl": true
            }
        ]
    },
    "default": {
        "astroid": {
            "hashes": [
                "sha256:187ccc0c248bfbba564826c26f070494f7bc964fd286b6d9fff4420e55de828c",
                "sha256:a88c7994f914a4ea8572fac479459f4955eeccc877be3f2d959a33273b0cf40b"
            ],
            "markers": "python_full_version >= '3.9.0'",
            "version": "==3.3.8"
        },
        "black": {
            "hashes": [
                "sha256:030b9759066a4ee5e5aca28c3c77f9c64789cdd4de8ac1df642c40b708be6171",
                "sha256:055e59b198df7ac0b7efca5ad7ff2516bca343276c466be72eb04a3bcc1f82d7",
                "sha256:0e519ecf93120f34243e6b0054db49c00a35f84f195d5bce7e9f5cfc578fc2da",
                "sha256:172b1dbff09f86ce6f4eb8edf9dede08b1fce58ba194c87d7a4f1a5aa2f5b3c2",
                "sha256:1e2978f6df243b155ef5fa7e558a43037c3079093ed5d10fd84c43900f2d8ecc",
                "sha256:33496d5cd1222ad73391352b4ae8da15253c5de89b93a80b3e2c8d9a19ec2666",
                "sha256:3b48735872ec535027d979e8dcb20bf4f70b5ac75a8ea99f127c106a7d7aba9f",
                "sha256:4b60580e829091e6f9238c848ea6750efed72140b91b048770b64e74fe04908b",
                "sha256:759e7ec1e050a15f89b770cefbf91ebee8917aac5c20483bc2d80a6c3a04df32",
                "sha256:8f0b18a02996a836cc9c9c78e5babec10930862827b1b724ddfe98ccf2f2fe4f",
                "sha256:95e8176dae143ba9097f351d174fdaf0ccd29efb414b362ae3fd72bf0f710717",
                "sha256:96c1c7cd856bba8e20094e36e0f948718dc688dba4a9d78c3adde52b9e6c2299",
                "sha256:a1ee0a0c330f7b5130ce0caed9936a904793576ef4d2b98c40835d6a65afa6a0",
                "sha256:a22f402b410566e2d1c950708c77ebf5ebd5d0d88a6a2e87c86d9fb48afa0d18",
                "sha256:a39337598244de4bae26475f77dda852ea00a93bd4c728e09eacd827ec929df0",
                "sha256:afebb7098bfbc70037a053b91ae8437c3857482d3a690fefc03e9ff7aa9a5fd3",
                "sha256:bacabb307dca5ebaf9c118d2d2f6903da0d62c9faa82bd21a33eecc319559355",
                "sha256:bce2e264d59c91e52d8000d507eb20a9aca4a778731a08cfff7e5ac4a4bb7096",
                "sha256:d9e6827d563a2c820772b32ce8a42828dc6790f095f441beef18f96aa6f8294e",
                "sha256:db8ea9917d6f8fc62abd90d944920d95e73c83a5ee3383493e35d271aca872e9",
                "sha256:ea0213189960bda9cf99be5b8c8ce66bb054af5e9e861249cd23471bd7b0b3ba",
                "sha256:f3df5f1bf91d36002b0a75389ca8663510cf0531cca8aa5c1ef695b46d98655f"
            ],
            "index": "pypi",
            "markers": "python_version >= '3.9'",
            "version": "==25.1.0"
        },
        "blinker": {
            "hashes": [
                "sha256:b4ce2265a7abece45e7cc896e98dbebe6cead56bcf805a3d23136d145f5445bf",
                "sha256:ba0efaa9080b619ff2f3459d1d500c57bddea4a6b424b60a91141db6fd2f08bc"
            ],
            "markers": "python_version >= '3.9'",
            "version": "==1.9.0"
        },
        "click": {
            "hashes": [
                "sha256:63c132bbbed01578a06712a2d1f497bb62d9c1c0d329b7903a866228027263b2",
                "sha256:ed53c9d8990d83c2a27deae68e4ee337473f6330c040a31d4225c9574d16096a"
            ],
            "markers": "python_version >= '3.7'",
            "version": "==8.1.8"
        },
        "dataclasses": {
            "hashes": [
                "sha256:454a69d788c7fda44efd71e259be79577822f5e3f53f029a22d08004e951dc9f",
                "sha256:6988bd2b895eef432d562370bb707d540f32f7360ab13da45340101bc2307d84"
            ],
            "index": "pypi",
            "version": "==0.6"
        },
        "dependency-injector": {
            "hashes": [
                "sha256:06bf830625e647cb84ace9662b205b48be394bfab725c3be871a1aa7a20755f6",
                "sha256:144dfae8da58ecd326dbe7fa63dab014ddf07af13b5ab6c0084881373852ecde",
                "sha256:16c17b17d1974a288b16f0d9b4eda7fae892dc2823ff1d95a93207723b681b9a",
                "sha256:2144948b5218f480ca94c11e848762aa305539ec67406ccecfbcb556d06a61dd",
                "sha256:21cfd5d2f26cca02bd897069b4460be1cbac1b07875a33885a84f9aa165cead5",
                "sha256:229ae0f01d5bc04666256737b958b426452214a1ef1082bbc0114a53b8ea21e3",
                "sha256:2683b1d9588c1af34e5a15f334a5e2d3c7e546bdc5c3226c85e8b6243d60c72b",
                "sha256:2b18413b2f965793f8e401996a6cc01e0aa0336568805fc822285cdc72cfb7d9",
                "sha256:2bfca5875aedb5a0995a4b2e5a928aef5791a58f4280d0c3003cb0720385f546",
                "sha256:2e6861b14a52b8ab0956bde2379aad43a5f05ddc8dbfb0233c6c4f71bc029481",
                "sha256:3018a9882364210b55644d7fe4044f3970f1ead30603859b15baf1fd1efe53f7",
                "sha256:326109be456ffa80698e27fe7f32411bb120c4fb2f65059abff2616910a261d3",
                "sha256:3472714fa547f5df4de1e1f4d1aa854214aad9e53d3bd75bd0d4d1eddc9df3b3",
                "sha256:3a1cfd84779e718974b8d40eefc2d664ba69c142ca676ed97f487de05e733e9e",
                "sha256:3c76c944e4732d72787f99b18dd5b3bcb012427efe8373d8b895f9774880f0cc",
                "sha256:3df40ff15bd31058b24cd79781b1dc2f31e0c157ee2067566dfd7a92191969e9",
                "sha256:403f44e2073986138dd95f4a8ac864453524b18385c44b838cba8a2f7f742f2e",
                "sha256:433883ccdfa353e6c8c2e20ba6eb08f77149a7e15f816f05be65bb791b86e5fe",
                "sha256:445c3b35c3c8c029e313f46ae8087a1d6edad8aa74d7f470125bfc22d8ab4831",
                "sha256:480db147baf30b4ee1d38705992694b23ba3c9554d6b2f039a5f13c6f10366d5",
                "sha256:4a77e1815efe7e685a5fe44201f725669010f1d2f6b3034261230dc2cb036371",
                "sha256:4b03382b9423f008bf307d4dee7e56ea1e070fc0e23481e4e327b01b9b463a9d",
                "sha256:4b4a1618eff7dba76f155eb0754ad5c3910b1cb300c34c5d667f50cb30c19117",
                "sha256:4cec41b8dd678555ea025ad320e6354cad92b18b6433f8cd0b423b02989668c3",
                "sha256:4f556713c34335afaec011e3e436668686af90605992415be60aea1d625bf91b",
                "sha256:52015c82f0dd2940e7d1902b287d808265d20f4d2c9713543a7aa29986893571",
                "sha256:5510a68445741fce2af071fd7fda177c4249f2b576d2b2b2b5af23083e4208e8",
                "sha256:580a1c5cc96d88531509b4af285a602b3fa322f06cf684c99bb5506eb2d12cf2",
                "sha256:5eb99c2ea049ac1065a0b4cf06166f70fac697049ddd342b88cb6a264f106faf",
                "sha256:60034184b6dedf7d0486c565eb846a56ccc6fdb25511f1bedf0fbbb7dab23239",
                "sha256:60de7a0a8bd105b2e11121f81a3e5ec67fce34d2470eb7af2546bca2df76b101",
                "sha256:6a013c93a870a3a1ce9829dd272bd02b194ea286df48dfb9d059cf34526738b8",
                "sha256:6f44c0fca126682804f6428038bf03a2f992f6b694a0cc8515bc58cc10534bd7",
                "sha256:713645e6c5e79e7a4a574c6274acf203bf93e34d0fb1d38cf63a7f7b3142ab00",
                "sha256:73d52ba9efdbb6a1c0ba49d9c68be9cedb0abfa0e6fbdfb942371c642cb30541",
                "sha256:75d0f8c748efe5e1f8a0970742483b38687bfe460496a4b7e344440798d0fa99",
                "sha256:7afd6825f926c3506ea85ab5dab7460bf9fd06bbaeee164faa205b0eb0db1efe",
                "sha256:7ec03cd54b79b5fc8df46ae821392358a24dc371bda01a2a68917ab0e559a96b",
                "sha256:7effdb9e45f5c2813e2fd9dc2ef2c446dd59716f66f9c772ab27b9ed16efc894",
                "sha256:82a0c665ee9bbb9434497a9b97bbb2018a9c427c0d014bff77dda2e0586c9020",
                "sha256:83476347e7d3e4b63a3ba4617b87b5b4259b5da7826b7cf1b6c6035c21c8c77d",
                "sha256:892c40f800e19732e9a10d595237bfbe09637e07a98b55c8b0526ac7f8f7400b",
                "sha256:8b2bbc02553633b5b3328c209b1908c2ae8250fdb3dd0536e9021a43a9d6399c",
                "sha256:8d351a5f36bc04838c4884acbc5f57315e51437a19f2a03d225a3af9bac1f60c",
                "sha256:9396c71f25744fd0ded9b171fee05ea3ca13a87c12512ddd8b7e4330f70647eb",
                "sha256:97dc40a527e488df23e9fb5b33a85f9176b730449ad2e498d6cc556dcad540ae",
                "sha256:9a76ab1e114402f284c71039391826d9e43083169d88568ede109ff4fc85de1e",
                "sha256:9b0cb3cdb0523f75bc8bf3e07406670fc8f79a295e8309c2c638a485f3ae9ee0",
                "sha256:9b70cb03d38f89aba3ba9ba7494952b1e68e018b9a52857590aa74c1f984798b",
                "sha256:9d785dacb136479b0536e8b05f83a7375f09404d63eabd1be9b694eca6defea4",
                "sha256:9ebcefa9218941337466cf0985bdcd5d38cf84ab1d3a4d7a3cc91845e38c0d1e",
                "sha256:aad4e274ec08e359dcf8cf391e08b399b9be67cc5d3c41e2d7b61a8967bb7a29",
                "sha256:acda1553bfc47aefc12afdc88418d480c8fc50914c2d36392e0412cdbb267318",
                "sha256:bc2749ed42a7bcb1e62f2ff63a1b931da63f116e50ccdabaf32871d24489999c",
                "sha256:bd3fff67247e3120970b6761a80508cd5852729c4517479ebbbf5c3690fab191",
                "sha256:beabb619969c1c87085bcb228b10e2f8751bf7cca66d77dac99c85c3b7a29847",
                "sha256:c12c44c8c5a168059cff22a0e9a9f7f3ff089b0b38114d037ca1ead48ead178d",
                "sha256:c2a38cf7826ff253d30958c35bc1e121af292f0f12fb5ffd1ad3ea5377b63e3b",
                "sha256:c6ae2f448cdcd1fe6ce4e9869e20166df10e334b3328d6a8aff35c0837180d9e",
                "sha256:cebd7fa8a9bbfed3af38c6f98763caadf0b3c63ade142c3eefb41788247cb5d7",
                "sha256:cedd4f87795b9a9712bf2b6786f0d37e8848418a6b4a59cb185fd1c3866dd888",
                "sha256:cf13a5ce71200568b5bed4fa8898291296115c43b91062d2154f69016ef0d4c2",
                "sha256:d086df3696331908d97b74ce4bbb8f8f86ce231cc3bde7a080c3f535944e1966",
                "sha256:d1cd1034fdc8c4c9daeafdab146570260d5c8fe70fa87a2d428621fc5a07ea8c",
                "sha256:d2bdf7c6e4f7a74dedf4f0aea774eec4c3d6f4f909d411c769c9cd1346243518",
                "sha256:d35c638544a929bfaf150e280b582bd776e3929b9ffdffa4c7a9ee9dff9f448e",
                "sha256:d3b777c80d92eea5c581658bb9e7e1292efb770cfc464bcb47605aa39d3c45fe",
                "sha256:d98a490f8a2decf40ca2aa69d0559d01dd96131422fa2086626fd5949837335a",
                "sha256:dae95379e1a55cccef583d717f2a18481001fe9519162e480d1e2c3e429c246a",
                "sha256:db61b15cfa7fc679b22abb216bbef7888cc332a3f1f0279d6a621cf899661a80",
                "sha256:dcba70e44a3d6436196f1ffebad0b02f0a72a7c8014d85617f21bd8535434bf4",
                "sha256:e1641f25faf543df14b2395a3cea51bd0610bc7b2c1cb6ed1c13ec4bec0063e2",
                "sha256:e2f10a6410bbc8c58c04e26f8b48db4df511491d5bbb55c59992fcc8645fb5e5",
                "sha256:ed3e60296b3b9d29c3eb57cb44a82d7627da1a7eac68ac97fbf9bbd9e2a5cb99",
                "sha256:ee0e2b1dbda5f19f2751d78a8662f2094fa315e4da054e83093ffb64ccf6b8dd",
                "sha256:f018f634edf57d4b4214e007eaa2432d2410f304b170f5684bd3fdbffd244b1f",
                "sha256:f2cd876d9726db63df33ecbfb097a06de0306ddae5861c6ba71363606184428e",
                "sha256:f349e3ceb1913eba37489cab82831e9d46d9008e59c6560cfefe0c57dc1168b0",
                "sha256:f35baac99140143aed5f7dbf098c523fc534884063ccacc3f51aaccbacc7f9f3",
                "sha256:f4207434037f31f98c36f39519d217aa3683dbb12ec2a3a69f1490441935c5f2",
                "sha256:f4aefc511be8ba97d823a71fb52a3b0ccaa7f9387cb51444862ebcb919822cae",
                "sha256:fd1afbbf03ed97007f6d4cb11944776e79207d9d7634ba5c4f897f4802b382ae"
            ],
            "index": "pypi",
            "markers": "python_version >= '3.7'",
            "version": "==4.45.0"
        },
        "dill": {
            "hashes": [
                "sha256:468dff3b89520b474c0397703366b7b95eebe6303f108adf9b19da1f702be87a",
                "sha256:81aa267dddf68cbfe8029c42ca9ec6a4ab3b22371d1c450abc54422577b4512c"
            ],
            "markers": "python_version >= '3.11'",
            "version": "==0.3.9"
        },
        "dnspython": {
            "hashes": [
                "sha256:b4c34b7d10b51bcc3a5071e7b8dee77939f1e878477eeecc965e9835f63c6c86",
                "sha256:ce9c432eda0dc91cf618a5cedf1a4e142651196bbcd2c80e89ed5a907e5cfaf1"
            ],
            "index": "pypi",
            "markers": "python_version >= '3.9'",
            "version": "==2.7.0"
        },
        "flask": {
            "hashes": [
                "sha256:5f873c5184c897c8d9d1b05df1e3d01b14910ce69607a117bd3277098a5836ac",
                "sha256:d667207822eb83f1c4b50949b1623c8fc8d51f2341d65f72e1a1815397551136"
            ],
            "index": "pypi",
            "markers": "python_version >= '3.9'",
            "version": "==3.1.0"
        },
        "iniconfig": {
            "hashes": [
                "sha256:2d91e135bf72d31a410b17c16da610a82cb55f6b0477d1a902134b24a455b8b3",
                "sha256:b6a85871a79d2e3b22d2d1b94ac2824226a63c6b741c88f7ae975f18b6778374"
            ],
            "markers": "python_version >= '3.7'",
            "version": "==2.0.0"
        },
        "isort": {
            "hashes": [
                "sha256:567954102bb47bb12e0fae62606570faacddd441e45683968c8d1734fb1af892",
                "sha256:75d9d8a1438a9432a7d7b54f2d3b45cad9a4a0fdba43617d9873379704a8bdf1"
            ],
            "markers": "python_full_version >= '3.9.0'",
            "version": "==6.0.0"
        },
        "itsdangerous": {
            "hashes": [
                "sha256:c6242fc49e35958c8b15141343aa660db5fc54d4f13a1db01a3f5891b98700ef",
                "sha256:e0050c0b7da1eea53ffaf149c0cfbb5c6e2e2b69c4bef22c81fa6eb73e5f6173"
            ],
            "markers": "python_version >= '3.8'",
            "version": "==2.2.0"
        },
        "jinja2": {
            "hashes": [
                "sha256:8fefff8dc3034e27bb80d67c671eb8a9bc424c0ef4c0826edbff304cceff43bb",
                "sha256:aba0f4dc9ed8013c424088f68a5c226f7d6097ed89b246d7749c2ec4175c6adb"
            ],
            "markers": "python_version >= '3.7'",
            "version": "==3.1.5"
        },
        "markupsafe": {
            "hashes": [
                "sha256:0bff5e0ae4ef2e1ae4fdf2dfd5b76c75e5c2fa4132d05fc1b0dabcd20c7e28c4",
                "sha256:0f4ca02bea9a23221c0182836703cbf8930c5e9454bacce27e767509fa286a30",
                "sha256:1225beacc926f536dc82e45f8a4d68502949dc67eea90eab715dea3a21c1b5f0",
                "sha256:131a3c7689c85f5ad20f9f6fb1b866f402c445b220c19fe4308c0b147ccd2ad9",
                "sha256:15ab75ef81add55874e7ab7055e9c397312385bd9ced94920f2802310c930396",
                "sha256:1a9d3f5f0901fdec14d8d2f66ef7d035f2157240a433441719ac9a3fba440b13",
                "sha256:1c99d261bd2d5f6b59325c92c73df481e05e57f19837bdca8413b9eac4bd8028",
                "sha256:1e084f686b92e5b83186b07e8a17fc09e38fff551f3602b249881fec658d3eca",
                "sha256:2181e67807fc2fa785d0592dc2d6206c019b9502410671cc905d132a92866557",
                "sha256:2cb8438c3cbb25e220c2ab33bb226559e7afb3baec11c4f218ffa7308603c832",
                "sha256:3169b1eefae027567d1ce6ee7cae382c57fe26e82775f460f0b2778beaad66c0",
                "sha256:3809ede931876f5b2ec92eef964286840ed3540dadf803dd570c3b7e13141a3b",
                "sha256:38a9ef736c01fccdd6600705b09dc574584b89bea478200c5fbf112a6b0d5579",
                "sha256:3d79d162e7be8f996986c064d1c7c817f6df3a77fe3d6859f6f9e7be4b8c213a",
                "sha256:444dcda765c8a838eaae23112db52f1efaf750daddb2d9ca300bcae1039adc5c",
                "sha256:48032821bbdf20f5799ff537c7ac3d1fba0ba032cfc06194faffa8cda8b560ff",
                "sha256:4aa4e5faecf353ed117801a068ebab7b7e09ffb6e1d5e412dc852e0da018126c",
                "sha256:52305740fe773d09cffb16f8ed0427942901f00adedac82ec8b67752f58a1b22",
                "sha256:569511d3b58c8791ab4c2e1285575265991e6d8f8700c7be0e88f86cb0672094",
                "sha256:57cb5a3cf367aeb1d316576250f65edec5bb3be939e9247ae594b4bcbc317dfb",
                "sha256:5b02fb34468b6aaa40dfc198d813a641e3a63b98c2b05a16b9f80b7ec314185e",
                "sha256:6381026f158fdb7c72a168278597a5e3a5222e83ea18f543112b2662a9b699c5",
                "sha256:6af100e168aa82a50e186c82875a5893c5597a0c1ccdb0d8b40240b1f28b969a",
                "sha256:6c89876f41da747c8d3677a2b540fb32ef5715f97b66eeb0c6b66f5e3ef6f59d",
                "sha256:6e296a513ca3d94054c2c881cc913116e90fd030ad1c656b3869762b754f5f8a",
                "sha256:70a87b411535ccad5ef2f1df5136506a10775d267e197e4cf531ced10537bd6b",
                "sha256:7e94c425039cde14257288fd61dcfb01963e658efbc0ff54f5306b06054700f8",
                "sha256:846ade7b71e3536c4e56b386c2a47adf5741d2d8b94ec9dc3e92e5e1ee1e2225",
                "sha256:88416bd1e65dcea10bc7569faacb2c20ce071dd1f87539ca2ab364bf6231393c",
                "sha256:88b49a3b9ff31e19998750c38e030fc7bb937398b1f78cfa599aaef92d693144",
                "sha256:8c4e8c3ce11e1f92f6536ff07154f9d49677ebaaafc32db9db4620bc11ed480f",
                "sha256:8e06879fc22a25ca47312fbe7c8264eb0b662f6db27cb2d3bbbc74b1df4b9b87",
                "sha256:9025b4018f3a1314059769c7bf15441064b2207cb3f065e6ea1e7359cb46db9d",
                "sha256:93335ca3812df2f366e80509ae119189886b0f3c2b81325d39efdb84a1e2ae93",
                "sha256:9778bd8ab0a994ebf6f84c2b949e65736d5575320a17ae8984a77fab08db94cf",
                "sha256:9e2d922824181480953426608b81967de705c3cef4d1af983af849d7bd619158",
                "sha256:a123e330ef0853c6e822384873bef7507557d8e4a082961e1defa947aa59ba84",
                "sha256:a904af0a6162c73e3edcb969eeeb53a63ceeb5d8cf642fade7d39e7963a22ddb",
                "sha256:ad10d3ded218f1039f11a75f8091880239651b52e9bb592ca27de44eed242a48",
                "sha256:b424c77b206d63d500bcb69fa55ed8d0e6a3774056bdc4839fc9298a7edca171",
                "sha256:b5a6b3ada725cea8a5e634536b1b01c30bcdcd7f9c6fff4151548d5bf6b3a36c",
                "sha256:ba8062ed2cf21c07a9e295d5b8a2a5ce678b913b45fdf68c32d95d6c1291e0b6",
                "sha256:ba9527cdd4c926ed0760bc301f6728ef34d841f405abf9d4f959c478421e4efd",
                "sha256:bbcb445fa71794da8f178f0f6d66789a28d7319071af7a496d4d507ed566270d",
                "sha256:bcf3e58998965654fdaff38e58584d8937aa3096ab5354d493c77d1fdd66d7a1",
                "sha256:c0ef13eaeee5b615fb07c9a7dadb38eac06a0608b41570d8ade51c56539e509d",
                "sha256:cabc348d87e913db6ab4aa100f01b08f481097838bdddf7c7a84b7575b7309ca",
                "sha256:cdb82a876c47801bb54a690c5ae105a46b392ac6099881cdfb9f6e95e4014c6a",
                "sha256:cfad01eed2c2e0c01fd0ecd2ef42c492f7f93902e39a42fc9ee1692961443a29",
                "sha256:d16a81a06776313e817c951135cf7340a3e91e8c1ff2fac444cfd75fffa04afe",
                "sha256:d8213e09c917a951de9d09ecee036d5c7d36cb6cb7dbaece4c71a60d79fb9798",
                "sha256:e07c3764494e3776c602c1e78e298937c3315ccc9043ead7e685b7f2b8d47b3c",
                "sha256:e17c96c14e19278594aa4841ec148115f9c7615a47382ecb6b82bd8fea3ab0c8",
                "sha256:e444a31f8db13eb18ada366ab3cf45fd4b31e4db1236a4448f68778c1d1a5a2f",
                "sha256:e6a2a455bd412959b57a172ce6328d2dd1f01cb2135efda2e4576e8a23fa3b0f",
                "sha256:eaa0a10b7f72326f1372a713e73c3f739b524b3af41feb43e4921cb529f5929a",
                "sha256:eb7972a85c54febfb25b5c4b4f3af4dcc731994c7da0d8a0b4a6eb0640e1d178",
                "sha256:ee55d3edf80167e48ea11a923c7386f4669df67d7994554387f84e7d8b0a2bf0",
                "sha256:f3818cb119498c0678015754eba762e0d61e5b52d34c8b13d770f0719f7b1d79",
                "sha256:f8b3d067f2e40fe93e1ccdd6b2e1d16c43140e76f02fb1319a05cf2b79d99430",
                "sha256:fcabf5ff6eea076f859677f5f0b6b5c1a51e70a376b0579e0eadef8db48c6b50"
            ],
            "markers": "python_version >= '3.9'",
            "version": "==3.0.2"
        },
        "mccabe": {
            "hashes": [
                "sha256:348e0240c33b60bbdf4e523192ef919f28cb2c3d7d5c7794f74009290f236325",
                "sha256:6c2d30ab6be0e4a46919781807b4f0d834ebdd6c6e3dca0bda5a15f863427b6e"
            ],
            "markers": "python_version >= '3.6'",
            "version": "==0.7.0"
        },
        "mypy-extensions": {
            "hashes": [
                "sha256:4392f6c0eb8a5668a69e23d168ffa70f0be9ccfd32b5cc2d26a34ae5b844552d",
                "sha256:75dbf8955dc00442a438fc4d0666508a9a97b6bd41aa2f0ffe9d2f2725af0782"
            ],
            "markers": "python_version >= '3.5'",
            "version": "==1.0.0"
        },
        "packaging": {
            "hashes": [
                "sha256:09abb1bccd265c01f4a3aa3f7a7db064b36514d2cba19a2f694fe6150451a759",
                "sha256:c228a6dc5e932d346bc5739379109d49e8853dd8223571c7c5b55260edc0b97f"
            ],
            "markers": "python_version >= '3.8'",
            "version": "==24.2"
        },
        "pathspec": {
            "hashes": [
                "sha256:a0d503e138a4c123b27490a4f7beda6a01c6f288df0e4a8b79c7eb0dc7b4cc08",
                "sha256:a482d51503a1ab33b1c67a6c3813a26953dbdc71c31dacaef9a838c4e29f5712"
            ],
            "markers": "python_version >= '3.8'",
            "version": "==0.12.1"
        },
        "platformdirs": {
            "hashes": [
                "sha256:357fb2acbc885b0419afd3ce3ed34564c13c9b95c89360cd9563f73aa5e2b907",
                "sha256:73e575e1408ab8103900836b97580d5307456908a03e92031bab39e4554cc3fb"
            ],
            "markers": "python_version >= '3.8'",
            "version": "==4.3.6"
        },
        "pluggy": {
            "hashes": [
                "sha256:2cffa88e94fdc978c4c574f15f9e59b7f4201d439195c3715ca9e2486f1d0cf1",
                "sha256:44e1ad92c8ca002de6377e165f3e0f1be63266ab4d554740532335b9d75ea669"
            ],
            "markers": "python_version >= '3.8'",
            "version": "==1.5.0"
        },
        "pylint": {
            "hashes": [
                "sha256:289e6a1eb27b453b08436478391a48cd53bb0efb824873f949e709350f3de018",
                "sha256:74ae7a38b177e69a9b525d0794bd8183820bfa7eb68cc1bee6e8ed22a42be4ce"
            ],
            "index": "pypi",
            "markers": "python_full_version >= '3.9.0'",
            "version": "==3.3.4"
        },
        "pymongo": {
            "hashes": [
                "sha256:0a8aba4818350d2a463e084ae2426d395e725525fe86bd0219240b265dc1ca52",
                "sha256:1518931a4a26d3cb31a97b9187087c6378cd0b0401d7a7cc160e92223a2a3059",
                "sha256:157e6a722d051c4bab3e6bc34a1f80fc98101cf2d12139a94e51638d023198c5",
                "sha256:15a88b25efcd61c5e539e9204932849b20f393efa330771676e860c4466fe8ad",
                "sha256:163c887384cb9fd16e0463128600867138a5a9a5344fc0903db08494b39a2d6e",
                "sha256:18b669e15922316e25a318cf9ba594eae5a6c24285a70f455ea01571d70a47d2",
                "sha256:1cc6d48b74e9abe544dd71b000453ad06e65cbfcfd57c7342a9f012f65532eb2",
                "sha256:1ed3c885ac221ddebd3e894aeae7b6bd84e7dbd4fd59f03e551d8f51455c7e9b",
                "sha256:1f871efa14a1f368559edff39ec03799ca108bfa8e1ba330b7ffc05eb958661f",
                "sha256:25b7cadae1d5287b2eed3d901a347f3fa9bc3f898532e1cb7f28a1c9237d824d",
                "sha256:2737ad54f0cd38e19ebf76e6f34dbbc6927615a2973425e64475d15a65fc2f6b",
                "sha256:27bc58e0b1bebb17d2426d0cc191c579f2eeaf9692be880f93fe4180cf850ca7",
                "sha256:2d1d956c15dd05f1e41c61f0dbcaec59f274db4814cff2c3d9c2508f58004c39",
                "sha256:2d7f291245c1688655aa308bbba7c9afa8116692c4fa6ad2646a835ed277a67b",
                "sha256:34d8b0ee57ad2a07ecdccec06269a4530767c2befb68f4a185113c866ad20b00",
                "sha256:3757ce9257c3486eead45680a8895a0ed9ba27efaf1791fc0cf854367c21c638",
                "sha256:3854db4be39cb9e0c34add1fd7e515deab0b4ee30f3cc3978e057746d119ac12",
                "sha256:3b01623eb4a7ac58706e1920a94fbb47465f8ee19e7fbbb077e1707e37678863",
                "sha256:3fe9589d9a83f6e2abe88f32daa410276eddd038eb8f8f75975cf8ce834cea1f",
                "sha256:488d1da6201e1350cfcd4deab599b32237ac2ac591180d44553a2c8e614f2c0e",
                "sha256:490d3fd8006154894319af3a974764bf16baea87100222779f49c75cd8b16d3d",
                "sha256:4aa2c40e391ca29a337bef2b46b495c3f24b5696a87a58f0a0676a8bf131f9f8",
                "sha256:50210249a9bf67937e97205a312b96a4b1250b111cbaaff532d7a61bc2b1562d",
                "sha256:61f9a7ca6eb47378809c94cd8fbdbc5ee90c4bbb0c18ddf5592d25ed95cf939c",
                "sha256:681806d3ecaf29b11e16a45c1f4c28f99d9d8283238f7b6ea9eee93b5d7bc6d2",
                "sha256:698fb3d13126c0719077c98b40378cb9a6f4ab4a72b7691779aa01f1f6c66493",
                "sha256:7007669eef871079d39a9bbcda0fbcd4252f9b575592804343d0b5c05849d65b",
                "sha256:7146ae04300ce6f83b75c639e97c3d0ce873f30edaac4b719ae173e886b9ff90",
                "sha256:74503e853758e1eaa1cad2df9c08c8c35a3d26222cf6426d2cde4b2e8593b9b3",
                "sha256:7751e6e99c79057b09441c6ab2a93fae10b4028478aac5b455db8b12f884a3c0",
                "sha256:7b3ea3494f3e166a524529bb05a4fdda97afd77031fed3a63862fd815288c9df",
                "sha256:7dd7656794bfbfbe10723813332ec33eed29bd9bb7fc122c63829fd445eb8425",
                "sha256:822a73d22970978a6e55751d53eb0948521fc8e1380e306b8644096b5230412f",
                "sha256:889d20850d5aaa4f19814462c06488553e70ed4c62195dbaad5d5662884778af",
                "sha256:892f2137282a0a993d342db6e4e6dc2f3db0b771831c2d505f7055c52c023198",
                "sha256:8a4e82dce301c97bb132dec28a487c1a609dc67948e9db7cbd23485875367204",
                "sha256:8ac125f2782d8fe3f3ff93a396af5482d694093b3be3e06052197096c83acadc",
                "sha256:908e65ab42cd4bf1ffeaafe8f11bb86b3f804d54227058794e33fff2963ccc86",
                "sha256:985a614ec24519f4a3d82aafb766c3f782a452fc46b32112d508a4e19b33fff3",
                "sha256:9e7bac5fb1383a0df8b6881046207da20deb582a54e70c4c53ac9d4bbce323a3",
                "sha256:a63348c850df796199abef7e9afbd86c34449f56731c7ec70b3901df1f5c135b",
                "sha256:aadea45e01103f6ee4e80d76d4a27393a4e2bd93472ce4ebb894781f395e1053",
                "sha256:b56dbb6883ce7adad8588464948e0723a3d881e5549f48c4767f1654e8e4cb7d",
                "sha256:b630596089106c968ddd252bde3fe692c420e24f214dd39ca517d26343d81012",
                "sha256:c71655f4188c70032ba56ac7ead688449e4f86a4ccd8e57201ee283f2f591e1d",
                "sha256:cdd0e404d5c3b1203ee61fcfee40a1f062f3780ce272febdc2378797b00401d1",
                "sha256:d12f4c4579076b7351c63378e22f43d4ce4ed4f2c93208b653c4752f18f47309",
                "sha256:d293cec18624825937bd7f1d8bacf16104c79ced45a8ada93f08ec8a7a2ad17a",
                "sha256:e147e08df329a7d23cbcb6213bc2fd360e51551626be828092fe2027f3473abc",
                "sha256:e596caec72db62a3f438559dfa46d22faefea1967279f553f936ddcb873903df",
                "sha256:e6e46bcd3c2f86f442b721551ed5e5812294e4a93fce42517e173bd41d4cd2d8",
                "sha256:e7073a740aad257f9d2c12cb95a08f17db1f273d422e7ddfed9895738571cac7",
                "sha256:f28d179e7d434869e23f4582c941cb400f75e996cfea472693ec756ee213c685",
                "sha256:f415d9569720f408cc4dcc171f60299d454b0414f120666e6fdd349d414bf010",
                "sha256:f845b46d77a5bcf0c9ee16f11c5bc84c63f4668d9ea4fc54cd923c8d48a1d521",
                "sha256:f96683f1dec7d28f12fe43a4d5c0df35d6b80348a9fbf5aac47fa284332a1f92",
                "sha256:f97f62e6edde15d1d3d08abd7e43f1787ee9e672b1bb8e9d9f5fd6ded24f5599"
            ],
            "index": "pypi",
            "markers": "python_version >= '3.9'",
            "version": "==4.11.1"
        },
        "pytest": {
            "hashes": [
                "sha256:50e16d954148559c9a74109af1eaf0c945ba2d8f30f0a3d3335edde19788b6f6",
                "sha256:965370d062bce11e73868e0335abac31b4d3de0e82f4007408d242b4f8610761"
            ],
            "index": "pypi",
            "markers": "python_version >= '3.8'",
            "version": "==8.3.4"
        },
        "pytest-mock": {
            "hashes": [
                "sha256:0b72c38033392a5f4621342fe11e9219ac11ec9d375f8e2a0c164539e0d70f6f",
                "sha256:2719255a1efeceadbc056d6bf3df3d1c5015530fb40cf347c0f9afac88410bd0"
            ],
            "index": "pypi",
            "markers": "python_version >= '3.8'",
            "version": "==3.14.0"
        },
        "tomlkit": {
            "hashes": [
                "sha256:7a974427f6e119197f670fbbbeae7bef749a6c14e793db934baefc1b5f03efde",
                "sha256:fff5fe59a87295b278abd31bec92c15d9bc4a06885ab12bcea52c71119392e79"
            ],
            "markers": "python_version >= '3.8'",
            "version": "==0.13.2"
        },
        "werkzeug": {
            "hashes": [
                "sha256:54b78bf3716d19a65be4fceccc0d1d7b89e608834989dfae50ea87564639213e",
                "sha256:60723ce945c19328679790e3282cc758aa4a6040e4bb330f53d30fa546d44746"
            ],
            "markers": "python_version >= '3.9'",
            "version": "==3.1.3"
        }
    },
    "develop": {}
}
